
Microsoft Visual Studio Solution File, Format Version 12.00
# Visual Studio Version 18
VisualStudioVersion = 18.1.11312.151
MinimumVisualStudioVersion = 10.0.40219.1
Project("{FAE04EC0-301F-11D3-BF4B-00C04F79EFBC}") = "Addams", "Addams\Addams.csproj", "{0D576D04-3F24-4855-A477-10DC30D8B5A9}"
EndProject
Project("{FAE04EC0-301F-11D3-BF4B-00C04F79EFBC}") = "Addams.Core", "Addams.Core\Addams.Core.csproj", "{C34EE028-31D0-4901-A0E4-8C26A47F6159}"
EndProject
Project("{FAE04EC0-301F-11D3-BF4B-00C04F79EFBC}") = "Addams.Tests", "Addams.Tests\Addams.Tests.csproj", "{34B8DAD9-9FC8-492B-819D-A71C819E565F}"
EndProject
Project("{54435603-DBB4-11D2-8724-00A0C9A8B90C}") = "AddamsSetup", "AddamsSetup\AddamsSetup.vdproj", "{D9821B6B-2097-137A-01E1-2CDB56B22980}"
EndProject
Global
	GlobalSection(SolutionConfigurationPlatforms) = preSolution
		Debug|Any CPU = Debug|Any CPU
		Debug|ARM = Debug|ARM
		Debug|ARM64 = Debug|ARM64
		Debug|x64 = Debug|x64
		Debug|x86 = Debug|x86
		Release|Any CPU = Release|Any CPU
		Release|ARM = Release|ARM
		Release|ARM64 = Release|ARM64
		Release|x64 = Release|x64
		Release|x86 = Release|x86
	EndGlobalSection
	GlobalSection(ProjectConfigurationPlatforms) = postSolution
		{0D576D04-3F24-4855-A477-10DC30D8B5A9}.Debug|Any CPU.ActiveCfg = Debug|Any CPU
		{0D576D04-3F24-4855-A477-10DC30D8B5A9}.Debug|Any CPU.Build.0 = Debug|Any CPU
		{0D576D04-3F24-4855-A477-10DC30D8B5A9}.Debug|ARM.ActiveCfg = Debug|Any CPU
		{0D576D04-3F24-4855-A477-10DC30D8B5A9}.Debug|ARM.Build.0 = Debug|Any CPU
		{0D576D04-3F24-4855-A477-10DC30D8B5A9}.Debug|ARM64.ActiveCfg = Debug|Any CPU
		{0D576D04-3F24-4855-A477-10DC30D8B5A9}.Debug|ARM64.Build.0 = Debug|Any CPU
		{0D576D04-3F24-4855-A477-10DC30D8B5A9}.Debug|x64.ActiveCfg = Debug|Any CPU
		{0D576D04-3F24-4855-A477-10DC30D8B5A9}.Debug|x64.Build.0 = Debug|Any CPU
		{0D576D04-3F24-4855-A477-10DC30D8B5A9}.Debug|x86.ActiveCfg = Debug|Any CPU
		{0D576D04-3F24-4855-A477-10DC30D8B5A9}.Debug|x86.Build.0 = Debug|Any CPU
		{0D576D04-3F24-4855-A477-10DC30D8B5A9}.Release|Any CPU.ActiveCfg = Release|Any CPU
		{0D576D04-3F24-4855-A477-10DC30D8B5A9}.Release|Any CPU.Build.0 = Release|Any CPU
		{0D576D04-3F24-4855-A477-10DC30D8B5A9}.Release|ARM.ActiveCfg = Release|Any CPU
		{0D576D04-3F24-4855-A477-10DC30D8B5A9}.Release|ARM.Build.0 = Release|Any CPU
		{0D576D04-3F24-4855-A477-10DC30D8B5A9}.Release|ARM64.ActiveCfg = Release|Any CPU
		{0D576D04-3F24-4855-A477-10DC30D8B5A9}.Release|ARM64.Build.0 = Release|Any CPU
		{0D576D04-3F24-4855-A477-10DC30D8B5A9}.Release|x64.ActiveCfg = Release|Any CPU
		{0D576D04-3F24-4855-A477-10DC30D8B5A9}.Release|x64.Build.0 = Release|Any CPU
		{0D576D04-3F24-4855-A477-10DC30D8B5A9}.Release|x86.ActiveCfg = Release|Any CPU
		{0D576D04-3F24-4855-A477-10DC30D8B5A9}.Release|x86.Build.0 = Release|Any CPU
		{C34EE028-31D0-4901-A0E4-8C26A47F6159}.Debug|Any CPU.ActiveCfg = Debug|Any CPU
		{C34EE028-31D0-4901-A0E4-8C26A47F6159}.Debug|Any CPU.Build.0 = Debug|Any CPU
		{C34EE028-31D0-4901-A0E4-8C26A47F6159}.Debug|ARM.ActiveCfg = Debug|Any CPU
		{C34EE028-31D0-4901-A0E4-8C26A47F6159}.Debug|ARM.Build.0 = Debug|Any CPU
		{C34EE028-31D0-4901-A0E4-8C26A47F6159}.Debug|ARM64.ActiveCfg = Debug|Any CPU
		{C34EE028-31D0-4901-A0E4-8C26A47F6159}.Debug|ARM64.Build.0 = Debug|Any CPU
		{C34EE028-31D0-4901-A0E4-8C26A47F6159}.Debug|x64.ActiveCfg = Debug|Any CPU
		{C34EE028-31D0-4901-A0E4-8C26A47F6159}.Debug|x64.Build.0 = Debug|Any CPU
		{C34EE028-31D0-4901-A0E4-8C26A47F6159}.Debug|x86.ActiveCfg = Debug|Any CPU
		{C34EE028-31D0-4901-A0E4-8C26A47F6159}.Debug|x86.Build.0 = Debug|Any CPU
		{C34EE028-31D0-4901-A0E4-8C26A47F6159}.Release|Any CPU.ActiveCfg = Release|Any CPU
		{C34EE028-31D0-4901-A0E4-8C26A47F6159}.Release|Any CPU.Build.0 = Release|Any CPU
		{C34EE028-31D0-4901-A0E4-8C26A47F6159}.Release|ARM.ActiveCfg = Release|Any CPU
		{C34EE028-31D0-4901-A0E4-8C26A47F6159}.Release|ARM.Build.0 = Release|Any CPU
		{C34EE028-31D0-4901-A0E4-8C26A47F6159}.Release|ARM64.ActiveCfg = Release|Any CPU
		{C34EE028-31D0-4901-A0E4-8C26A47F6159}.Release|ARM64.Build.0 = Release|Any CPU
		{C34EE028-31D0-4901-A0E4-8C26A47F6159}.Release|x64.ActiveCfg = Release|Any CPU
		{C34EE028-31D0-4901-A0E4-8C26A47F6159}.Release|x64.Build.0 = Release|Any CPU
		{C34EE028-31D0-4901-A0E4-8C26A47F6159}.Release|x86.ActiveCfg = Release|Any CPU
		{C34EE028-31D0-4901-A0E4-8C26A47F6159}.Release|x86.Build.0 = Release|Any CPU
		{34B8DAD9-9FC8-492B-819D-A71C819E565F}.Debug|Any CPU.ActiveCfg = Debug|Any CPU
		{34B8DAD9-9FC8-492B-819D-A71C819E565F}.Debug|Any CPU.Build.0 = Debug|Any CPU
		{34B8DAD9-9FC8-492B-819D-A71C819E565F}.Debug|ARM.ActiveCfg = Debug|Any CPU
		{34B8DAD9-9FC8-492B-819D-A71C819E565F}.Debug|ARM.Build.0 = Debug|Any CPU
		{34B8DAD9-9FC8-492B-819D-A71C819E565F}.Debug|ARM64.ActiveCfg = Debug|Any CPU
		{34B8DAD9-9FC8-492B-819D-A71C819E565F}.Debug|ARM64.Build.0 = Debug|Any CPU
		{34B8DAD9-9FC8-492B-819D-A71C819E565F}.Debug|x64.ActiveCfg = Debug|Any CPU
		{34B8DAD9-9FC8-492B-819D-A71C819E565F}.Debug|x64.Build.0 = Debug|Any CPU
		{34B8DAD9-9FC8-492B-819D-A71C819E565F}.Debug|x86.ActiveCfg = Debug|Any CPU
		{34B8DAD9-9FC8-492B-819D-A71C819E565F}.Debug|x86.Build.0 = Debug|Any CPU
		{34B8DAD9-9FC8-492B-819D-A71C819E565F}.Release|Any CPU.ActiveCfg = Release|Any CPU
		{34B8DAD9-9FC8-492B-819D-A71C819E565F}.Release|Any CPU.Build.0 = Release|Any CPU
		{34B8DAD9-9FC8-492B-819D-A71C819E565F}.Release|ARM.ActiveCfg = Release|Any CPU
		{34B8DAD9-9FC8-492B-819D-A71C819E565F}.Release|ARM.Build.0 = Release|Any CPU
		{34B8DAD9-9FC8-492B-819D-A71C819E565F}.Release|ARM64.ActiveCfg = Release|Any CPU
		{34B8DAD9-9FC8-492B-819D-A71C819E565F}.Release|ARM64.Build.0 = Release|Any CPU
		{34B8DAD9-9FC8-492B-819D-A71C819E565F}.Release|x64.ActiveCfg = Release|Any CPU
		{34B8DAD9-9FC8-492B-819D-A71C819E565F}.Release|x64.Build.0 = Release|Any CPU
		{34B8DAD9-9FC8-492B-819D-A71C819E565F}.Release|x86.ActiveCfg = Release|Any CPU
		{34B8DAD9-9FC8-492B-819D-A71C819E565F}.Release|x86.Build.0 = Release|Any CPU
		{D9821B6B-2097-137A-01E1-2CDB56B22980}.Debug|Any CPU.ActiveCfg = Debug
		{D9821B6B-2097-137A-01E1-2CDB56B22980}.Debug|ARM.ActiveCfg = Debug
		{D9821B6B-2097-137A-01E1-2CDB56B22980}.Debug|ARM64.ActiveCfg = Debug
		{D9821B6B-2097-137A-01E1-2CDB56B22980}.Debug|x64.ActiveCfg = Debug
		{D9821B6B-2097-137A-01E1-2CDB56B22980}.Debug|x86.ActiveCfg = Debug
		{D9821B6B-2097-137A-01E1-2CDB56B22980}.Release|Any CPU.ActiveCfg = Release
		{D9821B6B-2097-137A-01E1-2CDB56B22980}.Release|ARM.ActiveCfg = Release
		{D9821B6B-2097-137A-01E1-2CDB56B22980}.Release|ARM64.ActiveCfg = Release
		{D9821B6B-2097-137A-01E1-2CDB56B22980}.Release|x64.ActiveCfg = Release
		{D9821B6B-2097-137A-01E1-2CDB56B22980}.Release|x86.ActiveCfg = Release
	EndGlobalSection
	GlobalSection(SolutionProperties) = preSolution
		HideSolutionNode = FALSE
	EndGlobalSection
	GlobalSection(ExtensibilityGlobals) = postSolution
		SolutionGuid = {8149E8B1-CED4-4CFD-B236-54CBDC8C8874}
	EndGlobalSection
EndGlobal
